
Microsoft Visual Studio Solution File, Format Version 12.00
# Visual Studio Version 16
VisualStudioVersion = 16.0.31005.135
MinimumVisualStudioVersion = 10.0.40219.1
Project("{FAE04EC0-301F-11D3-BF4B-00C04F79EFBC}") = "DragonHeartVS", "DragonHeartVS.csproj", "{E6870E9B-EFCB-4763-8108-11D41B3F88B0}"
EndProject
Global
	GlobalSection(SolutionConfigurationPlatforms) = preSolution
		Debug|Any CPU = Debug|Any CPU
		Release|Any CPU = Release|Any CPU
	EndGlobalSection
	GlobalSection(ProjectConfigurationPlatforms) = postSolution
		{E6870E9B-EFCB-4763-8108-11D41B3F88B0}.Debug|Any CPU.ActiveCfg = Debug|Any CPU
		{E6870E9B-EFCB-4763-8108-11D41B3F88B0}.Debug|Any CPU.Build.0 = Debug|Any CPU
		{E6870E9B-EFCB-4763-8108-11D41B3F88B0}.Release|Any CPU.ActiveCfg = Release|Any CPU
		{E6870E9B-EFCB-4763-8108-11D41B3F88B0}.Release|Any CPU.Build.0 = Release|Any CPU
	EndGlobalSection
	GlobalSection(SolutionProperties) = preSolution
		HideSolutionNode = FALSE
	EndGlobalSection
	GlobalSection(ExtensibilityGlobals) = postSolution
		SolutionGuid = {CF1116C8-404F-486F-A3DB-BA74103628F3}
	EndGlobalSection
EndGlobal
